
Microsoft Visual Studio Solution File, Format Version 12.00
# Visual Studio Version 16
VisualStudioVersion = 16.0.30517.126
MinimumVisualStudioVersion = 10.0.40219.1
Project("{9A19103F-16F7-4668-BE54-9A1E7A4F7556}") = "TextbookFinder", "TextbookFinder.csproj", "{D062AC7E-A198-46D8-9322-020C6C4E4EDC}"
EndProject
Global
	GlobalSection(SolutionConfigurationPlatforms) = preSolution
		Debug|Any CPU = Debug|Any CPU
		Release|Any CPU = Release|Any CPU
	EndGlobalSection
	GlobalSection(ProjectConfigurationPlatforms) = postSolution
		{D062AC7E-A198-46D8-9322-020C6C4E4EDC}.Debug|Any CPU.ActiveCfg = Debug|Any CPU
		{D062AC7E-A198-46D8-9322-020C6C4E4EDC}.Debug|Any CPU.Build.0 = Debug|Any CPU
		{D062AC7E-A198-46D8-9322-020C6C4E4EDC}.Release|Any CPU.ActiveCfg = Release|Any CPU
		{D062AC7E-A198-46D8-9322-020C6C4E4EDC}.Release|Any CPU.Build.0 = Release|Any CPU
	EndGlobalSection
	GlobalSection(SolutionProperties) = preSolution
		HideSolutionNode = FALSE
	EndGlobalSection
	GlobalSection(ExtensibilityGlobals) = postSolution
		SolutionGuid = {646F43E3-1B2A-4DD9-9592-77EC9B1C0B18}
	EndGlobalSection
EndGlobal
